
Microsoft Visual Studio Solution File, Format Version 12.00
# Visual Studio Version 17
VisualStudioVersion = 17.4.33403.182
MinimumVisualStudioVersion = 10.0.40219.1
Project("{8BC9CEB8-8B4A-11D0-8D11-00A0C91BC942}") = "Diatomic Molecule Dissociation", "Diatomic Molecule Dissociation.vcxproj", "{CD94EBD8-F1ED-45BA-8096-9EE76FEAA272}"
EndProject
Global
	GlobalSection(SolutionConfigurationPlatforms) = preSolution
		Debug|x64 = Debug|x64
		Debug|x86 = Debug|x86
		Release|x64 = Release|x64
		Release|x86 = Release|x86
	EndGlobalSection
	GlobalSection(ProjectConfigurationPlatforms) = postSolution
		{CD94EBD8-F1ED-45BA-8096-9EE76FEAA272}.Debug|x64.ActiveCfg = Debug|x64
		{CD94EBD8-F1ED-45BA-8096-9EE76FEAA272}.Debug|x64.Build.0 = Debug|x64
		{CD94EBD8-F1ED-45BA-8096-9EE76FEAA272}.Debug|x86.ActiveCfg = Debug|Win32
		{CD94EBD8-F1ED-45BA-8096-9EE76FEAA272}.Debug|x86.Build.0 = Debug|Win32
		{CD94EBD8-F1ED-45BA-8096-9EE76FEAA272}.Release|x64.ActiveCfg = Release|x64
		{CD94EBD8-F1ED-45BA-8096-9EE76FEAA272}.Release|x64.Build.0 = Release|x64
		{CD94EBD8-F1ED-45BA-8096-9EE76FEAA272}.Release|x86.ActiveCfg = Release|Win32
		{CD94EBD8-F1ED-45BA-8096-9EE76FEAA272}.Release|x86.Build.0 = Release|Win32
	EndGlobalSection
	GlobalSection(SolutionProperties) = preSolution
		HideSolutionNode = FALSE
	EndGlobalSection
	GlobalSection(ExtensibilityGlobals) = postSolution
		SolutionGuid = {45CC06B4-3ACF-426F-AED8-84185B67BD8B}
	EndGlobalSection
EndGlobal
